
Microsoft Visual Studio Solution File, Format Version 12.00
# Visual Studio Version 17
VisualStudioVersion = 17.4.33122.133
MinimumVisualStudioVersion = 10.0.40219.1
Project("{FAE04EC0-301F-11D3-BF4B-00C04F79EFBC}") = "ConsoleAppDemo", "ConsoleAppDemo\ConsoleAppDemo.csproj", "{B9A49E93-C255-48C6-9EC2-03E406084B8F}"
EndProject
Global
	GlobalSection(SolutionConfigurationPlatforms) = preSolution
		Debug|Any CPU = Debug|Any CPU
		Release|Any CPU = Release|Any CPU
	EndGlobalSection
	GlobalSection(ProjectConfigurationPlatforms) = postSolution
		{B9A49E93-C255-48C6-9EC2-03E406084B8F}.Debug|Any CPU.ActiveCfg = Debug|Any CPU
		{B9A49E93-C255-48C6-9EC2-03E406084B8F}.Debug|Any CPU.Build.0 = Debug|Any CPU
		{B9A49E93-C255-48C6-9EC2-03E406084B8F}.Release|Any CPU.ActiveCfg = Release|Any CPU
		{B9A49E93-C255-48C6-9EC2-03E406084B8F}.Release|Any CPU.Build.0 = Release|Any CPU
	EndGlobalSection
	GlobalSection(SolutionProperties) = preSolution
		HideSolutionNode = FALSE
	EndGlobalSection
	GlobalSection(ExtensibilityGlobals) = postSolution
		SolutionGuid = {A32023B0-9973-4115-8D38-34D850AC4A5E}
	EndGlobalSection
EndGlobal
